
Microsoft Visual Studio Solution File, Format Version 12.00
# Visual Studio 15
VisualStudioVersion = 15.0.27004.2005
MinimumVisualStudioVersion = 10.0.40219.1
Project("{FAE04EC0-301F-11D3-BF4B-00C04F79EFBC}") = "ImapServer", "ImapServer\ImapServer.csproj", "{27DAE790-0C93-4957-8ED0-8C56B6D19392}"
EndProject
Project("{FAE04EC0-301F-11D3-BF4B-00C04F79EFBC}") = "ImapServer.CoreConsole", "ImapServer.CoreConsole\ImapServer.CoreConsole.csproj", "{FC53046D-FD82-4268-89F1-4635DF9C20FC}"
EndProject
Global
	GlobalSection(SolutionConfigurationPlatforms) = preSolution
		Debug|Any CPU = Debug|Any CPU
		Release|Any CPU = Release|Any CPU
	EndGlobalSection
	GlobalSection(ProjectConfigurationPlatforms) = postSolution
		{27DAE790-0C93-4957-8ED0-8C56B6D19392}.Debug|Any CPU.ActiveCfg = Debug|Any CPU
		{27DAE790-0C93-4957-8ED0-8C56B6D19392}.Debug|Any CPU.Build.0 = Debug|Any CPU
		{27DAE790-0C93-4957-8ED0-8C56B6D19392}.Release|Any CPU.ActiveCfg = Release|Any CPU
		{27DAE790-0C93-4957-8ED0-8C56B6D19392}.Release|Any CPU.Build.0 = Release|Any CPU
		{FC53046D-FD82-4268-89F1-4635DF9C20FC}.Debug|Any CPU.ActiveCfg = Debug|Any CPU
		{FC53046D-FD82-4268-89F1-4635DF9C20FC}.Debug|Any CPU.Build.0 = Debug|Any CPU
		{FC53046D-FD82-4268-89F1-4635DF9C20FC}.Release|Any CPU.ActiveCfg = Release|Any CPU
		{FC53046D-FD82-4268-89F1-4635DF9C20FC}.Release|Any CPU.Build.0 = Release|Any CPU
	EndGlobalSection
	GlobalSection(SolutionProperties) = preSolution
		HideSolutionNode = FALSE
	EndGlobalSection
	GlobalSection(ExtensibilityGlobals) = postSolution
		SolutionGuid = {83340D6F-E8B9-4131-9C32-DCFE558D2EE0}
	EndGlobalSection
EndGlobal
